
Microsoft Visual Studio Solution File, Format Version 12.00
# Visual Studio Version 17
VisualStudioVersion = 17.0.32014.148
MinimumVisualStudioVersion = 10.0.40219.1
Project("{FAE04EC0-301F-11D3-BF4B-00C04F79EFBC}") = "ShopApi", "ShopApi\ShopApi.csproj", "{FC772A1F-CCBC-45A6-B3F3-09633E1E7CAE}"
EndProject
Global
	GlobalSection(SolutionConfigurationPlatforms) = preSolution
		Debug|Any CPU = Debug|Any CPU
		Release|Any CPU = Release|Any CPU
	EndGlobalSection
	GlobalSection(ProjectConfigurationPlatforms) = postSolution
		{FC772A1F-CCBC-45A6-B3F3-09633E1E7CAE}.Debug|Any CPU.ActiveCfg = Debug|Any CPU
		{FC772A1F-CCBC-45A6-B3F3-09633E1E7CAE}.Debug|Any CPU.Build.0 = Debug|Any CPU
		{FC772A1F-CCBC-45A6-B3F3-09633E1E7CAE}.Release|Any CPU.ActiveCfg = Release|Any CPU
		{FC772A1F-CCBC-45A6-B3F3-09633E1E7CAE}.Release|Any CPU.Build.0 = Release|Any CPU
	EndGlobalSection
	GlobalSection(SolutionProperties) = preSolution
		HideSolutionNode = FALSE
	EndGlobalSection
	GlobalSection(ExtensibilityGlobals) = postSolution
		SolutionGuid = {F21D2989-8051-4435-9ED5-7BF3A8B297EE}
	EndGlobalSection
EndGlobal
